// !$*UTF8*$!
{
	archiveVersion = 1;
	classes = {
	};
	objectVersion = 46;
	objects = {

/* Begin PBXBuildFile section */
		44AA290717EED90500D6A2DE /* UIKit.framework in Frameworks */ = {isa = PBXBuildFile; fileRef = 44AA290617EED90400D6A2DE /* UIKit.framework */; };
		44AA290917EED90500D6A2DE /* Foundation.framework in Frameworks */ = {isa = PBXBuildFile; fileRef = 44AA290817EED90500D6A2DE /* Foundation.framework */; };
		44AA290B17EED90500D6A2DE /* CoreGraphics.framework in Frameworks */ = {isa = PBXBuildFile; fileRef = 44AA290A17EED90500D6A2DE /* CoreGraphics.framework */; };
		44AA291117EED90500D6A2DE /* InfoPlist.strings in Resources */ = {isa = PBXBuildFile; fileRef = 44AA290F17EED90500D6A2DE /* InfoPlist.strings */; };
		44AA291317EED90500D6A2DE /* main.m in Sources */ = {isa = PBXBuildFile; fileRef = 44AA291217EED90500D6A2DE /* main.m */; };
		44AA291717EED90500D6A2DE /* AppDelegate.m in Sources */ = {isa = PBXBuildFile; fileRef = 44AA291617EED90500D6A2DE /* AppDelegate.m */; };
		44AA291917EED90500D6A2DE /* Default.png in Resources */ = {isa = PBXBuildFile; fileRef = 44AA291817EED90500D6A2DE /* Default.png */; };
		44AA291B17EED90500D6A2DE /* Default@2x.png in Resources */ = {isa = PBXBuildFile; fileRef = 44AA291A17EED90500D6A2DE /* Default@2x.png */; };
		44AA291D17EED90500D6A2DE /* Default-568h@2x.png in Resources */ = {isa = PBXBuildFile; fileRef = 44AA291C17EED90500D6A2DE /* Default-568h@2x.png */; };
		44AA292017EED90500D6A2DE /* MainStoryboard_iPhone.storyboard in Resources */ = {isa = PBXBuildFile; fileRef = 44AA291E17EED90500D6A2DE /* MainStoryboard_iPhone.storyboard */; };
		44AA292317EED90500D6A2DE /* MainStoryboard_iPad.storyboard in Resources */ = {isa = PBXBuildFile; fileRef = 44AA292117EED90500D6A2DE /* MainStoryboard_iPad.storyboard */; };
		44AA292617EED90500D6A2DE /* ViewController.m in Sources */ = {isa = PBXBuildFile; fileRef = 44AA292517EED90500D6A2DE /* ViewController.m */; };
/* End PBXBuildFile section */

/* Begin PBXFileReference section */
		44AA290317EED90400D6A2DE /* shpHandle.app */ = {isa = PBXFileReference; explicitFileType = wrapper.application; includeInIndex = 0; path = shpHandle.app; sourceTree = BUILT_PRODUCTS_DIR; };
		44AA290617EED90400D6A2DE /* UIKit.framework */ = {isa = PBXFileReference; lastKnownFileType = wrapper.framework; name = UIKit.framework; path = System/Library/Frameworks/UIKit.framework; sourceTree = SDKROOT; };
		44AA290817EED90500D6A2DE /* Foundation.framework */ = {isa = PBXFileReference; lastKnownFileType = wrapper.framework; name = Foundation.framework; path = System/Library/Frameworks/Foundation.framework; sourceTree = SDKROOT; };
		44AA290A17EED90500D6A2DE /* CoreGraphics.framework */ = {isa = PBXFileReference; lastKnownFileType = wrapper.framework; name = CoreGraphics.framework; path = System/Library/Frameworks/CoreGraphics.framework; sourceTree = SDKROOT; };
		44AA290E17EED90500D6A2DE /* shpHandle-Info.plist */ = {isa = PBXFileReference; lastKnownFileType = text.plist.xml; path = "shpHandle-Info.plist"; sourceTree = "<group>"; };
		44AA291017EED90500D6A2DE /* en */ = {isa = PBXFileReference; lastKnownFileType = text.plist.strings; name = en; path = en.lproj/InfoPlist.strings; sourceTree = "<group>"; };
		44AA291217EED90500D6A2DE /* main.m */ = {isa = PBXFileReference; lastKnownFileType = sourcecode.c.objc; path = main.m; sourceTree = "<group>"; };
		44AA291417EED90500D6A2DE /* shpHandle-Prefix.pch */ = {isa = PBXFileReference; lastKnownFileType = sourcecode.c.h; path = "shpHandle-Prefix.pch"; sourceTree = "<group>"; };
		44AA291517EED90500D6A2DE /* AppDelegate.h */ = {isa = PBXFileReference; lastKnownFileType = sourcecode.c.h; path = AppDelegate.h; sourceTree = "<group>"; };
		44AA291617EED90500D6A2DE /* AppDelegate.m */ = {isa = PBXFileReference; lastKnownFileType = sourcecode.c.objc; path = AppDelegate.m; sourceTree = "<group>"; };
		44AA291817EED90500D6A2DE /* Default.png */ = {isa = PBXFileReference; lastKnownFileType = image.png; path = Default.png; sourceTree = "<group>"; };
		44AA291A17EED90500D6A2DE /* Default@2x.png */ = {isa = PBXFileReference; lastKnownFileType = image.png; path = "Default@2x.png"; sourceTree = "<group>"; };
		44AA291C17EED90500D6A2DE /* Default-568h@2x.png */ = {isa = PBXFileReference; lastKnownFileType = image.png; path = "Default-568h@2x.png"; sourceTree = "<group>"; };
		44AA291F17EED90500D6A2DE /* en */ = {isa = PBXFileReference; lastKnownFileType = file.storyboard; name = en; path = en.lproj/MainStoryboard_iPhone.storyboard; sourceTree = "<group>"; };
		44AA292217EED90500D6A2DE /* en */ = {isa = PBXFileReference; lastKnownFileType = file.storyboard; name = en; path = en.lproj/MainStoryboard_iPad.storyboard; sourceTree = "<group>"; };
		44AA292417EED90500D6A2DE /* ViewController.h */ = {isa = PBXFileReference; lastKnownFileType = sourcecode.c.h; path = ViewController.h; sourceTree = "<group>"; };
		44AA292517EED90500D6A2DE /* ViewController.m */ = {isa = PBXFileReference; lastKnownFileType = sourcecode.c.objc; path = ViewController.m; sourceTree = "<group>"; };
/* End PBXFileReference section */

/* Begin PBXFrameworksBuildPhase section */
		44AA290017EED90400D6A2DE /* Frameworks */ = {
			isa = PBXFrameworksBuildPhase;
			buildActionMask = 2147483647;
			files = (
				44AA290717EED90500D6A2DE /* UIKit.framework in Frameworks */,
				44AA290917EED90500D6A2DE /* Foundation.framework in Frameworks */,
				44AA290B17EED90500D6A2DE /* CoreGraphics.framework in Frameworks */,
			);
			runOnlyForDeploymentPostprocessing = 0;
		};
/* End PBXFrameworksBuildPhase section */

/* Begin PBXGroup section */
		44AA28FA17EED90400D6A2DE = {
			isa = PBXGroup;
			children = (
				44AA290C17EED90500D6A2DE /* shpHandle */,
				44AA290517EED90400D6A2DE /* Frameworks */,
				44AA290417EED90400D6A2DE /* Products */,
			);
			sourceTree = "<group>";
		};
		44AA290417EED90400D6A2DE /* Products */ = {
			isa = PBXGroup;
			children = (
				44AA290317EED90400D6A2DE /* shpHandle.app */,
			);
			name = Products;
			sourceTree = "<group>";
		};
		44AA290517EED90400D6A2DE /* Frameworks */ = {
			isa = PBXGroup;
			children = (
				44AA290617EED90400D6A2DE /* UIKit.framework */,
				44AA290817EED90500D6A2DE /* Foundation.framework */,
				44AA290A17EED90500D6A2DE /* CoreGraphics.framework */,
			);
			name = Frameworks;
			sourceTree = "<group>";
		};
		44AA290C17EED90500D6A2DE /* shpHandle */ = {
			isa = PBXGroup;
			children = (
				44AA291517EED90500D6A2DE /* AppDelegate.h */,
				44AA291617EED90500D6A2DE /* AppDelegate.m */,
				44AA291E17EED90500D6A2DE /* MainStoryboard_iPhone.storyboard */,
				44AA292117EED90500D6A2DE /* MainStoryboard_iPad.storyboard */,
				44AA292417EED90500D6A2DE /* ViewController.h */,
				44AA292517EED90500D6A2DE /* ViewController.m */,
				44AA290D17EED90500D6A2DE /* Supporting Files */,
			);
			path = shpHandle;
			sourceTree = "<group>";
		};
		44AA290D17EED90500D6A2DE /* Supporting Files */ = {
			isa = PBXGroup;
			children = (
				44AA290E17EED90500D6A2DE /* shpHandle-Info.plist */,
				44AA290F17EED90500D6A2DE /* InfoPlist.strings */,
				44AA291217EED90500D6A2DE /* main.m */,
				44AA291417EED90500D6A2DE /* shpHandle-Prefix.pch */,
				44AA291817EED90500D6A2DE /* Default.png */,
				44AA291A17EED90500D6A2DE /* Default@2x.png */,
				44AA291C17EED90500D6A2DE /* Default-568h@2x.png */,
			);
			name = "Supporting Files";
			sourceTree = "<group>";
		};
/* End PBXGroup section */

/* Begin PBXNativeTarget section */
		44AA290217EED90400D6A2DE /* shpHandle */ = {
			isa = PBXNativeTarget;
			buildConfigurationList = 44AA292917EED90500D6A2DE /* Build configuration list for PBXNativeTarget "shpHandle" */;
			buildPhases = (
				44AA28FF17EED90400D6A2DE /* Sources */,
				44AA290017EED90400D6A2DE /* Frameworks */,
				44AA290117EED90400D6A2DE /* Resources */,
			);
			buildRules = (
			);
			dependencies = (
			);
			name = shpHandle;
			productName = shpHandle;
			productReference = 44AA290317EED90400D6A2DE /* shpHandle.app */;
			productType = "com.apple.product-type.application";
		};
/* End PBXNativeTarget section */

/* Begin PBXProject section */
		44AA28FB17EED90400D6A2DE /* Project object */ = {
			isa = PBXProject;
			attributes = {
				LastUpgradeCheck = 0460;
				ORGANIZATIONNAME = "智图科技";
			};
			buildConfigurationList = 44AA28FE17EED90400D6A2DE /* Build configuration list for PBXProject "shpHandle" */;
			compatibilityVersion = "Xcode 3.2";
			developmentRegion = English;
			hasScannedForEncodings = 0;
			knownRegions = (
				en,
			);
			mainGroup = 44AA28FA17EED90400D6A2DE;
			productRefGroup = 44AA290417EED90400D6A2DE /* Products */;
			projectDirPath = "";
			projectRoot = "";
			targets = (
				44AA290217EED90400D6A2DE /* shpHandle */,
			);
		};
/* End PBXProject section */

/* Begin PBXResourcesBuildPhase section */
		44AA290117EED90400D6A2DE /* Resources */ = {
			isa = PBXResourcesBuildPhase;
			buildActionMask = 2147483647;
			files = (
				44AA291117EED90500D6A2DE /* InfoPlist.strings in Resources */,
				44AA291917EED90500D6A2DE /* Default.png in Resources */,
				44AA291B17EED90500D6A2DE /* Default@2x.png in Resources */,
				44AA291D17EED90500D6A2DE /* Default-568h@2x.png in Resources */,
				44AA292017EED90500D6A2DE /* MainStoryboard_iPhone.storyboard in Resources */,
				44AA292317EED90500D6A2DE /* MainStoryboard_iPad.storyboard in Resources */,
			);
			runOnlyForDeploymentPostprocessing = 0;
		};
/* End PBXResourcesBuildPhase section */

/* Begin PBXSourcesBuildPhase section */
		44AA28FF17EED90400D6A2DE /* Sources */ = {
			isa = PBXSourcesBuildPhase;
			buildActionMask = 2147483647;
			files = (
				44AA291317EED90500D6A2DE /* main.m in Sources */,
				44AA291717EED90500D6A2DE /* AppDelegate.m in Sources */,
				44AA292617EED90500D6A2DE /* ViewController.m in Sources */,
			);
			runOnlyForDeploymentPostprocessing = 0;
		};
/* End PBXSourcesBuildPhase section */

/* Begin PBXVariantGroup section */
		44AA290F17EED90500D6A2DE /* InfoPlist.strings */ = {
			isa = PBXVariantGroup;
			children = (
				44AA291017EED90500D6A2DE /* en */,
			);
			name = InfoPlist.strings;
			sourceTree = "<group>";
		};
		44AA291E17EED90500D6A2DE /* MainStoryboard_iPhone.storyboard */ = {
			isa = PBXVariantGroup;
			children = (
				44AA291F17EED90500D6A2DE /* en */,
			);
			name = MainStoryboard_iPhone.storyboard;
			sourceTree = "<group>";
		};
		44AA292117EED90500D6A2DE /* MainStoryboard_iPad.storyboard */ = {
			isa = PBXVariantGroup;
			children = (
				44AA292217EED90500D6A2DE /* en */,
			);
			name = MainStoryboard_iPad.storyboard;
			sourceTree = "<group>";
		};
/* End PBXVariantGroup section */

/* Begin XCBuildConfiguration section */
		44AA292717EED90500D6A2DE /* Debug */ = {
			isa = XCBuildConfiguration;
			buildSettings = {
				ALWAYS_SEARCH_USER_PATHS = NO;
				CLANG_CXX_LANGUAGE_STANDARD = "gnu++0x";
				CLANG_CXX_LIBRARY = "libc++";
				CLANG_WARN_CONSTANT_CONVERSION = YES;
				CLANG_WARN_EMPTY_BODY = YES;
				CLANG_WARN_ENUM_CONVERSION = YES;
				CLANG_WARN_INT_CONVERSION = YES;
				CLANG_WARN__DUPLICATE_METHOD_MATCH = YES;
				"CODE_SIGN_IDENTITY[sdk=iphoneos*]" = "iPhone Developer";
				COPY_PHASE_STRIP = NO;
				GCC_C_LANGUAGE_STANDARD = gnu99;
				GCC_DYNAMIC_NO_PIC = NO;
				GCC_OPTIMIZATION_LEVEL = 0;
				GCC_PREPROCESSOR_DEFINITIONS = (
					"DEBUG=1",
					"$(inherited)",
				);
				GCC_SYMBOLS_PRIVATE_EXTERN = NO;
				GCC_WARN_ABOUT_RETURN_TYPE = YES;
				GCC_WARN_UNINITIALIZED_AUTOS = YES;
				GCC_WARN_UNUSED_VARIABLE = YES;
				IPHONEOS_DEPLOYMENT_TARGET = 6.1;
				ONLY_ACTIVE_ARCH = YES;
				SDKROOT = iphoneos;
				TARGETED_DEVICE_FAMILY = "1,2";
			};
			name = Debug;
		};
		44AA292817EED90500D6A2DE /* Release */ = {
			isa = XCBuildConfiguration;
			buildSettings = {
				ALWAYS_SEARCH_USER_PATHS = NO;
				CLANG_CXX_LANGUAGE_STANDARD = "gnu++0x";
				CLANG_CXX_LIBRARY = "libc++";
				CLANG_WARN_CONSTANT_CONVERSION = YES;
				CLANG_WARN_EMPTY_BODY = YES;
				CLANG_WARN_ENUM_CONVERSION = YES;
				CLANG_WARN_INT_CONVERSION = YES;
				CLANG_WARN__DUPLICATE_METHOD_MATCH = YES;
				"CODE_SIGN_IDENTITY[sdk=iphoneos*]" = "iPhone Developer";
				COPY_PHASE_STRIP = YES;
				GCC_C_LANGUAGE_STANDARD = gnu99;
				GCC_WARN_ABOUT_RETURN_TYPE = YES;
				GCC_WARN_UNINITIALIZED_AUTOS = YES;
				GCC_WARN_UNUSED_VARIABLE = YES;
				IPHONEOS_DEPLOYMENT_TARGET = 6.1;
				OTHER_CFLAGS = "-DNS_BLOCK_ASSERTIONS=1";
				SDKROOT = iphoneos;
				TARGETED_DEVICE_FAMILY = "1,2";
				VALIDATE_PRODUCT = YES;
			};
			name = Release;
		};
		44AA292A17EED90500D6A2DE /* Debug */ = {
			isa = XCBuildConfiguration;
			buildSettings = {
				GCC_PRECOMPILE_PREFIX_HEADER = YES;
				GCC_PREFIX_HEADER = "shpHandle/shpHandle-Prefix.pch";
				INFOPLIST_FILE = "shpHandle/shpHandle-Info.plist";
				PRODUCT_NAME = "$(TARGET_NAME)";
				WRAPPER_EXTENSION = app;
			};
			name = Debug;
		};
		44AA292B17EED90500D6A2DE /* Release */ = {
			isa = XCBuildConfiguration;
			buildSettings = {
				GCC_PRECOMPILE_PREFIX_HEADER = YES;
				GCC_PREFIX_HEADER = "shpHandle/shpHandle-Prefix.pch";
				INFOPLIST_FILE = "shpHandle/shpHandle-Info.plist";
				PRODUCT_NAME = "$(TARGET_NAME)";
				WRAPPER_EXTENSION = app;
			};
			name = Release;
		};
/* End XCBuildConfiguration section */

/* Begin XCConfigurationList section */
		44AA28FE17EED90400D6A2DE /* Build configuration list for PBXProject "shpHandle" */ = {
			isa = XCConfigurationList;
			buildConfigurations = (
				44AA292717EED90500D6A2DE /* Debug */,
				44AA292817EED90500D6A2DE /* Release */,
			);
			defaultConfigurationIsVisible = 0;
			defaultConfigurationName = Release;
		};
		44AA292917EED90500D6A2DE /* Build configuration list for PBXNativeTarget "shpHandle" */ = {
			isa = XCConfigurationList;
			buildConfigurations = (
				44AA292A17EED90500D6A2DE /* Debug */,
				44AA292B17EED90500D6A2DE /* Release */,
			);
			defaultConfigurationIsVisible = 0;
		};
/* End XCConfigurationList section */
	};
	rootObject = 44AA28FB17EED90400D6A2DE /* Project object */;
}
